
Microsoft Visual Studio Solution File, Format Version 12.00
# Visual Studio Version 17
VisualStudioVersion = 17.5.002.0
MinimumVisualStudioVersion = 10.0.40219.1
Project("{2150E333-8FDC-42A3-9474-1A3956D46DE8}") = "csharp-prep", "csharp-prep", "{627BFDE1-5335-4D16-A94A-6D6FE2DE5755}"
EndProject
Project("{9A19103F-16F7-4668-BE54-9A1E7A4F7556}") = "Prep1", "csharp-prep\Prep1\Prep1.csproj", "{159C5DA1-94B9-4D97-8182-053164CABFF9}"
EndProject
Project("{9A19103F-16F7-4668-BE54-9A1E7A4F7556}") = "Prep2", "csharp-prep\Prep2\Prep2.csproj", "{579E1881-8FF2-4231-ACD0-05E53171F09F}"
EndProject
Project("{9A19103F-16F7-4668-BE54-9A1E7A4F7556}") = "Prep3", "csharp-prep\Prep3\Prep3.csproj", "{47B3FA9F-6490-453D-A0B3-61F6F242F2FE}"
EndProject
Project("{9A19103F-16F7-4668-BE54-9A1E7A4F7556}") = "Prep4", "csharp-prep\Prep4\Prep4.csproj", "{CECF76B1-E3E4-4686-983C-98574D2E36C7}"
EndProject
Project("{9A19103F-16F7-4668-BE54-9A1E7A4F7556}") = "Prep5", "csharp-prep\Prep5\Prep5.csproj", "{1678A82B-8962-4F51-B9A6-3962AEC05545}"
EndProject
Project("{2150E333-8FDC-42A3-9474-1A3956D46DE8}") = "final", "final", "{470AA397-C248-4370-88C4-7725CA375468}"
EndProject
Project("{9A19103F-16F7-4668-BE54-9A1E7A4F7556}") = "FinalProject", "final\FinalProject\FinalProject.csproj", "{1BC876E5-BFA6-4FD1-BE66-E4146F1B6265}"
EndProject
Project("{9A19103F-16F7-4668-BE54-9A1E7A4F7556}") = "Foundation1", "final\Foundation1\Foundation1.csproj", "{CA2E9F60-41B7-4099-A689-22167B4BB5CD}"
EndProject
Project("{9A19103F-16F7-4668-BE54-9A1E7A4F7556}") = "Foundation2", "final\Foundation2\Foundation2.csproj", "{9D262B6D-CEAF-49C2-84FE-6D025EFBDFB4}"
EndProject
Project("{9A19103F-16F7-4668-BE54-9A1E7A4F7556}") = "Foundation3", "final\Foundation3\Foundation3.csproj", "{0C4206DE-82A2-40A4-B671-D2BC870BB8B3}"
EndProject
Project("{9A19103F-16F7-4668-BE54-9A1E7A4F7556}") = "Foundation4", "final\Foundation4\Foundation4.csproj", "{B6802465-066D-4A13-B0B9-49EF0D2B2678}"
EndProject
Project("{2150E333-8FDC-42A3-9474-1A3956D46DE8}") = "prepare", "prepare", "{B5DAAA9E-0805-496E-8B87-7421FA66B5F5}"
EndProject
Project("{9A19103F-16F7-4668-BE54-9A1E7A4F7556}") = "Learning02", "prepare\Learning02\Learning02.csproj", "{57245EFB-555A-43F7-A84F-BB17159F81FB}"
EndProject
Project("{9A19103F-16F7-4668-BE54-9A1E7A4F7556}") = "Learning03", "prepare\Learning03\Learning03.csproj", "{8B5A2A57-8E12-4604-BBB7-61B4481E0B64}"
EndProject
Project("{9A19103F-16F7-4668-BE54-9A1E7A4F7556}") = "Learning04", "prepare\Learning04\Learning04.csproj", "{2DF81D53-802E-4C70-8CDA-C93748B2A4CE}"
EndProject
Project("{9A19103F-16F7-4668-BE54-9A1E7A4F7556}") = "Learning05", "prepare\Learning05\Learning05.csproj", "{8AD03CD8-CE4C-444A-B64C-B3D6BF46AC18}"
EndProject
Project("{2150E333-8FDC-42A3-9474-1A3956D46DE8}") = "prove", "prove", "{8BDB382C-DCF2-4217-BA5E-61398BD8A7A8}"
EndProject
Project("{9A19103F-16F7-4668-BE54-9A1E7A4F7556}") = "Develop02", "prove\Develop02\Develop02.csproj", "{2232EDC3-FA36-4D8C-96C5-8BC9C677E9D8}"
EndProject
Project("{9A19103F-16F7-4668-BE54-9A1E7A4F7556}") = "Develop03", "prove\Develop03\Develop03.csproj", "{84EFAB38-DD8C-4B13-8CAA-7789D98A4FD0}"
EndProject
Project("{9A19103F-16F7-4668-BE54-9A1E7A4F7556}") = "Develop04", "prove\Develop04\Develop04.csproj", "{D40E9B2E-36AF-4A5C-B536-BB27F68619E9}"
EndProject
Project("{9A19103F-16F7-4668-BE54-9A1E7A4F7556}") = "Develop05", "prove\Develop05\Develop05.csproj", "{15082CC3-6B52-407A-9CCD-AB842D9C3582}"
EndProject
Project("{2150E333-8FDC-42A3-9474-1A3956D46DE8}") = "sandbox", "sandbox", "{94281FCC-8E7D-4833-973D-833744642665}"
EndProject
Project("{9A19103F-16F7-4668-BE54-9A1E7A4F7556}") = "Sandbox", "sandbox\Sandbox\Sandbox.csproj", "{E77A0F32-68F8-4696-8DE3-A838081D112F}"
EndProject
Global
	GlobalSection(SolutionConfigurationPlatforms) = preSolution
		Debug|Any CPU = Debug|Any CPU
		Release|Any CPU = Release|Any CPU
	EndGlobalSection
	GlobalSection(ProjectConfigurationPlatforms) = postSolution
		{159C5DA1-94B9-4D97-8182-053164CABFF9}.Debug|Any CPU.ActiveCfg = Debug|Any CPU
		{159C5DA1-94B9-4D97-8182-053164CABFF9}.Debug|Any CPU.Build.0 = Debug|Any CPU
		{159C5DA1-94B9-4D97-8182-053164CABFF9}.Release|Any CPU.ActiveCfg = Release|Any CPU
		{159C5DA1-94B9-4D97-8182-053164CABFF9}.Release|Any CPU.Build.0 = Release|Any CPU
		{579E1881-8FF2-4231-ACD0-05E53171F09F}.Debug|Any CPU.ActiveCfg = Debug|Any CPU
		{579E1881-8FF2-4231-ACD0-05E53171F09F}.Debug|Any CPU.Build.0 = Debug|Any CPU
		{579E1881-8FF2-4231-ACD0-05E53171F09F}.Release|Any CPU.ActiveCfg = Release|Any CPU
		{579E1881-8FF2-4231-ACD0-05E53171F09F}.Release|Any CPU.Build.0 = Release|Any CPU
		{47B3FA9F-6490-453D-A0B3-61F6F242F2FE}.Debug|Any CPU.ActiveCfg = Debug|Any CPU
		{47B3FA9F-6490-453D-A0B3-61F6F242F2FE}.Debug|Any CPU.Build.0 = Debug|Any CPU
		{47B3FA9F-6490-453D-A0B3-61F6F242F2FE}.Release|Any CPU.ActiveCfg = Release|Any CPU
		{47B3FA9F-6490-453D-A0B3-61F6F242F2FE}.Release|Any CPU.Build.0 = Release|Any CPU
		{CECF76B1-E3E4-4686-983C-98574D2E36C7}.Debug|Any CPU.ActiveCfg = Debug|Any CPU
		{CECF76B1-E3E4-4686-983C-98574D2E36C7}.Debug|Any CPU.Build.0 = Debug|Any CPU
		{CECF76B1-E3E4-4686-983C-98574D2E36C7}.Release|Any CPU.ActiveCfg = Release|Any CPU
		{CECF76B1-E3E4-4686-983C-98574D2E36C7}.Release|Any CPU.Build.0 = Release|Any CPU
		{1678A82B-8962-4F51-B9A6-3962AEC05545}.Debug|Any CPU.ActiveCfg = Debug|Any CPU
		{1678A82B-8962-4F51-B9A6-3962AEC05545}.Debug|Any CPU.Build.0 = Debug|Any CPU
		{1678A82B-8962-4F51-B9A6-3962AEC05545}.Release|Any CPU.ActiveCfg = Release|Any CPU
		{1678A82B-8962-4F51-B9A6-3962AEC05545}.Release|Any CPU.Build.0 = Release|Any CPU
		{1BC876E5-BFA6-4FD1-BE66-E4146F1B6265}.Debug|Any CPU.ActiveCfg = Debug|Any CPU
		{1BC876E5-BFA6-4FD1-BE66-E4146F1B6265}.Debug|Any CPU.Build.0 = Debug|Any CPU
		{1BC876E5-BFA6-4FD1-BE66-E4146F1B6265}.Release|Any CPU.ActiveCfg = Release|Any CPU
		{1BC876E5-BFA6-4FD1-BE66-E4146F1B6265}.Release|Any CPU.Build.0 = Release|Any CPU
		{CA2E9F60-41B7-4099-A689-22167B4BB5CD}.Debug|Any CPU.ActiveCfg = Debug|Any CPU
		{CA2E9F60-41B7-4099-A689-22167B4BB5CD}.Debug|Any CPU.Build.0 = Debug|Any CPU
		{CA2E9F60-41B7-4099-A689-22167B4BB5CD}.Release|Any CPU.ActiveCfg = Release|Any CPU
		{CA2E9F60-41B7-4099-A689-22167B4BB5CD}.Release|Any CPU.Build.0 = Release|Any CPU
		{9D262B6D-CEAF-49C2-84FE-6D025EFBDFB4}.Debug|Any CPU.ActiveCfg = Debug|Any CPU
		{9D262B6D-CEAF-49C2-84FE-6D025EFBDFB4}.Debug|Any CPU.Build.0 = Debug|Any CPU
		{9D262B6D-CEAF-49C2-84FE-6D025EFBDFB4}.Release|Any CPU.ActiveCfg = Release|Any CPU
		{9D262B6D-CEAF-49C2-84FE-6D025EFBDFB4}.Release|Any CPU.Build.0 = Release|Any CPU
		{0C4206DE-82A2-40A4-B671-D2BC870BB8B3}.Debug|Any CPU.ActiveCfg = Debug|Any CPU
		{0C4206DE-82A2-40A4-B671-D2BC870BB8B3}.Debug|Any CPU.Build.0 = Debug|Any CPU
		{0C4206DE-82A2-40A4-B671-D2BC870BB8B3}.Release|Any CPU.ActiveCfg = Release|Any CPU
		{0C4206DE-82A2-40A4-B671-D2BC870BB8B3}.Release|Any CPU.Build.0 = Release|Any CPU
		{B6802465-066D-4A13-B0B9-49EF0D2B2678}.Debug|Any CPU.ActiveCfg = Debug|Any CPU
		{B6802465-066D-4A13-B0B9-49EF0D2B2678}.Debug|Any CPU.Build.0 = Debug|Any CPU
		{B6802465-066D-4A13-B0B9-49EF0D2B2678}.Release|Any CPU.ActiveCfg = Release|Any CPU
		{B6802465-066D-4A13-B0B9-49EF0D2B2678}.Release|Any CPU.Build.0 = Release|Any CPU
		{57245EFB-555A-43F7-A84F-BB17159F81FB}.Debug|Any CPU.ActiveCfg = Debug|Any CPU
		{57245EFB-555A-43F7-A84F-BB17159F81FB}.Debug|Any CPU.Build.0 = Debug|Any CPU
		{57245EFB-555A-43F7-A84F-BB17159F81FB}.Release|Any CPU.ActiveCfg = Release|Any CPU
		{57245EFB-555A-43F7-A84F-BB17159F81FB}.Release|Any CPU.Build.0 = Release|Any CPU
		{8B5A2A57-8E12-4604-BBB7-61B4481E0B64}.Debug|Any CPU.ActiveCfg = Debug|Any CPU
		{8B5A2A57-8E12-4604-BBB7-61B4481E0B64}.Debug|Any CPU.Build.0 = Debug|Any CPU
		{8B5A2A57-8E12-4604-BBB7-61B4481E0B64}.Release|Any CPU.ActiveCfg = Release|Any CPU
		{8B5A2A57-8E12-4604-BBB7-61B4481E0B64}.Release|Any CPU.Build.0 = Release|Any CPU
		{2DF81D53-802E-4C70-8CDA-C93748B2A4CE}.Debug|Any CPU.ActiveCfg = Debug|Any CPU
		{2DF81D53-802E-4C70-8CDA-C93748B2A4CE}.Debug|Any CPU.Build.0 = Debug|Any CPU
		{2DF81D53-802E-4C70-8CDA-C93748B2A4CE}.Release|Any CPU.ActiveCfg = Release|Any CPU
		{2DF81D53-802E-4C70-8CDA-C93748B2A4CE}.Release|Any CPU.Build.0 = Release|Any CPU
		{8AD03CD8-CE4C-444A-B64C-B3D6BF46AC18}.Debug|Any CPU.ActiveCfg = Debug|Any CPU
		{8AD03CD8-CE4C-444A-B64C-B3D6BF46AC18}.Debug|Any CPU.Build.0 = Debug|Any CPU
		{8AD03CD8-CE4C-444A-B64C-B3D6BF46AC18}.Release|Any CPU.ActiveCfg = Release|Any CPU
		{8AD03CD8-CE4C-444A-B64C-B3D6BF46AC18}.Release|Any CPU.Build.0 = Release|Any CPU
		{2232EDC3-FA36-4D8C-96C5-8BC9C677E9D8}.Debug|Any CPU.ActiveCfg = Debug|Any CPU
		{2232EDC3-FA36-4D8C-96C5-8BC9C677E9D8}.Debug|Any CPU.Build.0 = Debug|Any CPU
		{2232EDC3-FA36-4D8C-96C5-8BC9C677E9D8}.Release|Any CPU.ActiveCfg = Release|Any CPU
		{2232EDC3-FA36-4D8C-96C5-8BC9C677E9D8}.Release|Any CPU.Build.0 = Release|Any CPU
		{84EFAB38-DD8C-4B13-8CAA-7789D98A4FD0}.Debug|Any CPU.ActiveCfg = Debug|Any CPU
		{84EFAB38-DD8C-4B13-8CAA-7789D98A4FD0}.Debug|Any CPU.Build.0 = Debug|Any CPU
		{84EFAB38-DD8C-4B13-8CAA-7789D98A4FD0}.Release|Any CPU.ActiveCfg = Release|Any CPU
		{84EFAB38-DD8C-4B13-8CAA-7789D98A4FD0}.Release|Any CPU.Build.0 = Release|Any CPU
		{D40E9B2E-36AF-4A5C-B536-BB27F68619E9}.Debug|Any CPU.ActiveCfg = Debug|Any CPU
		{D40E9B2E-36AF-4A5C-B536-BB27F68619E9}.Debug|Any CPU.Build.0 = Debug|Any CPU
		{D40E9B2E-36AF-4A5C-B536-BB27F68619E9}.Release|Any CPU.ActiveCfg = Release|Any CPU
		{D40E9B2E-36AF-4A5C-B536-BB27F68619E9}.Release|Any CPU.Build.0 = Release|Any CPU
		{15082CC3-6B52-407A-9CCD-AB842D9C3582}.Debug|Any CPU.ActiveCfg = Debug|Any CPU
		{15082CC3-6B52-407A-9CCD-AB842D9C3582}.Debug|Any CPU.Build.0 = Debug|Any CPU
		{15082CC3-6B52-407A-9CCD-AB842D9C3582}.Release|Any CPU.ActiveCfg = Release|Any CPU
		{15082CC3-6B52-407A-9CCD-AB842D9C3582}.Release|Any CPU.Build.0 = Release|Any CPU
		{E77A0F32-68F8-4696-8DE3-A838081D112F}.Debug|Any CPU.ActiveCfg = Debug|Any CPU
		{E77A0F32-68F8-4696-8DE3-A838081D112F}.Debug|Any CPU.Build.0 = Debug|Any CPU
		{E77A0F32-68F8-4696-8DE3-A838081D112F}.Release|Any CPU.ActiveCfg = Release|Any CPU
		{E77A0F32-68F8-4696-8DE3-A838081D112F}.Release|Any CPU.Build.0 = Release|Any CPU
	EndGlobalSection
	GlobalSection(SolutionProperties) = preSolution
		HideSolutionNode = FALSE
	EndGlobalSection
	GlobalSection(NestedProjects) = preSolution
		{159C5DA1-94B9-4D97-8182-053164CABFF9} = {627BFDE1-5335-4D16-A94A-6D6FE2DE5755}
		{579E1881-8FF2-4231-ACD0-05E53171F09F} = {627BFDE1-5335-4D16-A94A-6D6FE2DE5755}
		{47B3FA9F-6490-453D-A0B3-61F6F242F2FE} = {627BFDE1-5335-4D16-A94A-6D6FE2DE5755}
		{CECF76B1-E3E4-4686-983C-98574D2E36C7} = {627BFDE1-5335-4D16-A94A-6D6FE2DE5755}
		{1678A82B-8962-4F51-B9A6-3962AEC05545} = {627BFDE1-5335-4D16-A94A-6D6FE2DE5755}
		{1BC876E5-BFA6-4FD1-BE66-E4146F1B6265} = {470AA397-C248-4370-88C4-7725CA375468}
		{CA2E9F60-41B7-4099-A689-22167B4BB5CD} = {470AA397-C248-4370-88C4-7725CA375468}
		{9D262B6D-CEAF-49C2-84FE-6D025EFBDFB4} = {470AA397-C248-4370-88C4-7725CA375468}
		{0C4206DE-82A2-40A4-B671-D2BC870BB8B3} = {470AA397-C248-4370-88C4-7725CA375468}
		{B6802465-066D-4A13-B0B9-49EF0D2B2678} = {470AA397-C248-4370-88C4-7725CA375468}
		{57245EFB-555A-43F7-A84F-BB17159F81FB} = {B5DAAA9E-0805-496E-8B87-7421FA66B5F5}
		{8B5A2A57-8E12-4604-BBB7-61B4481E0B64} = {B5DAAA9E-0805-496E-8B87-7421FA66B5F5}
		{2DF81D53-802E-4C70-8CDA-C93748B2A4CE} = {B5DAAA9E-0805-496E-8B87-7421FA66B5F5}
		{8AD03CD8-CE4C-444A-B64C-B3D6BF46AC18} = {B5DAAA9E-0805-496E-8B87-7421FA66B5F5}
		{2232EDC3-FA36-4D8C-96C5-8BC9C677E9D8} = {8BDB382C-DCF2-4217-BA5E-61398BD8A7A8}
		{84EFAB38-DD8C-4B13-8CAA-7789D98A4FD0} = {8BDB382C-DCF2-4217-BA5E-61398BD8A7A8}
		{D40E9B2E-36AF-4A5C-B536-BB27F68619E9} = {8BDB382C-DCF2-4217-BA5E-61398BD8A7A8}
		{15082CC3-6B52-407A-9CCD-AB842D9C3582} = {8BDB382C-DCF2-4217-BA5E-61398BD8A7A8}
		{E77A0F32-68F8-4696-8DE3-A838081D112F} = {94281FCC-8E7D-4833-973D-833744642665}
	EndGlobalSection
	GlobalSection(ExtensibilityGlobals) = postSolution
		SolutionGuid = {65EB59EF-C146-41BB-8B39-8A4366BE5104}
	EndGlobalSection
EndGlobal
